// !$*UTF8*$!
{
	archiveVersion = 1;
	classes = {
	};
	objectVersion = 50;
	objects = {

/* Begin PBXBuildFile section */
		715425C321870E11009F33F3 /* LHCircleView.swift in Sources */ = {isa = PBXBuildFile; fileRef = 715425C221870E11009F33F3 /* LHCircleView.swift */; };
		715425C421870E11009F33F3 /* LHCircleView.swift in Sources */ = {isa = PBXBuildFile; fileRef = 715425C221870E11009F33F3 /* LHCircleView.swift */; };
		715425C521870E11009F33F3 /* LHCircleView.swift in Sources */ = {isa = PBXBuildFile; fileRef = 715425C221870E11009F33F3 /* LHCircleView.swift */; };
		716B021921882F550030C963 /* LHSlider.swift in Sources */ = {isa = PBXBuildFile; fileRef = 716B021821882F550030C963 /* LHSlider.swift */; };
		716B021A21882F550030C963 /* LHSlider.swift in Sources */ = {isa = PBXBuildFile; fileRef = 716B021821882F550030C963 /* LHSlider.swift */; };
		716B021B21882F550030C963 /* LHSlider.swift in Sources */ = {isa = PBXBuildFile; fileRef = 716B021821882F550030C963 /* LHSlider.swift */; };
		71AA1F8E21896B5200B5FC69 /* LHPopoverKit.framework in Frameworks */ = {isa = PBXBuildFile; fileRef = 71AA1F8D21896B5200B5FC69 /* LHPopoverKit.framework */; };
		71B941522186BA35000091F0 /* LHCanvasViewController.xib in Resources */ = {isa = PBXBuildFile; fileRef = 71B941542186BA35000091F0 /* LHCanvasViewController.xib */; };
		71B941592186BB73000091F0 /* Localizable.strings in Resources */ = {isa = PBXBuildFile; fileRef = 71B941572186BB73000091F0 /* Localizable.strings */; };
		71B941912186C0F1000091F0 /* AppDelegate.swift in Sources */ = {isa = PBXBuildFile; fileRef = 71B941902186C0F1000091F0 /* AppDelegate.swift */; };
		71B941932186C0F1000091F0 /* ViewController.swift in Sources */ = {isa = PBXBuildFile; fileRef = 71B941922186C0F1000091F0 /* ViewController.swift */; };
		71B941962186C0F1000091F0 /* Main.storyboard in Resources */ = {isa = PBXBuildFile; fileRef = 71B941942186C0F1000091F0 /* Main.storyboard */; };
		71B941982186C0F2000091F0 /* Assets.xcassets in Resources */ = {isa = PBXBuildFile; fileRef = 71B941972186C0F2000091F0 /* Assets.xcassets */; };
		71B9419B2186C0F2000091F0 /* LaunchScreen.storyboard in Resources */ = {isa = PBXBuildFile; fileRef = 71B941992186C0F2000091F0 /* LaunchScreen.storyboard */; };
		71B941A02186C1BE000091F0 /* LHCanvasViewController.xib in Resources */ = {isa = PBXBuildFile; fileRef = 71B941542186BA35000091F0 /* LHCanvasViewController.xib */; };
		71B941A12186C1C1000091F0 /* LHCanvasViewController.swift in Sources */ = {isa = PBXBuildFile; fileRef = 71CE1DBA2183E8D9002C3930 /* LHCanvasViewController.swift */; };
		71B941A22186C1C4000091F0 /* LHCanvasView.swift in Sources */ = {isa = PBXBuildFile; fileRef = 71CE1DBC2183E8D9002C3930 /* LHCanvasView.swift */; };
		71B941A32186C1CF000091F0 /* Localizable.strings in Resources */ = {isa = PBXBuildFile; fileRef = 71B941572186BB73000091F0 /* Localizable.strings */; };
		71B941AA2186C26F000091F0 /* LHConvenientMethods.framework in Frameworks */ = {isa = PBXBuildFile; fileRef = 71B941A92186C26F000091F0 /* LHConvenientMethods.framework */; };
		71B941AB2186C27D000091F0 /* LHConvenientMethods.framework in Frameworks */ = {isa = PBXBuildFile; fileRef = 71B941A92186C26F000091F0 /* LHConvenientMethods.framework */; };
		71B941AC2186C27D000091F0 /* LHConvenientMethods.framework in Embed Frameworks */ = {isa = PBXBuildFile; fileRef = 71B941A92186C26F000091F0 /* LHConvenientMethods.framework */; settings = {ATTRIBUTES = (CodeSignOnCopy, RemoveHeadersOnCopy, ); }; };
		71B941D42186C711000091F0 /* Messages.framework in Frameworks */ = {isa = PBXBuildFile; fileRef = 71B941D32186C711000091F0 /* Messages.framework */; };
		71B941DA2186C711000091F0 /* MainInterface.storyboard in Resources */ = {isa = PBXBuildFile; fileRef = 71B941D82186C711000091F0 /* MainInterface.storyboard */; };
		71B941DC2186C712000091F0 /* Assets.xcassets in Resources */ = {isa = PBXBuildFile; fileRef = 71B941DB2186C712000091F0 /* Assets.xcassets */; };
		71B941E02186C712000091F0 /* Canvas.appex in Embed App Extensions */ = {isa = PBXBuildFile; fileRef = 71B941D22186C711000091F0 /* Canvas.appex */; settings = {ATTRIBUTES = (RemoveHeadersOnCopy, ); }; };
		71B941E62186C787000091F0 /* MessagesViewController.swift in Sources */ = {isa = PBXBuildFile; fileRef = 71B941E52186C787000091F0 /* MessagesViewController.swift */; };
		71B941F02186CB11000091F0 /* LHCanvasViewController.swift in Sources */ = {isa = PBXBuildFile; fileRef = 71CE1DBA2183E8D9002C3930 /* LHCanvasViewController.swift */; };
		71B941F12186CB31000091F0 /* LHCanvasView.swift in Sources */ = {isa = PBXBuildFile; fileRef = 71CE1DBC2183E8D9002C3930 /* LHCanvasView.swift */; };
		71B941F22186CB3C000091F0 /* LHCanvasViewController.xib in Resources */ = {isa = PBXBuildFile; fileRef = 71B941542186BA35000091F0 /* LHCanvasViewController.xib */; };
		71C3957F2189931F005D04F7 /* LHPopoverKit.framework in Frameworks */ = {isa = PBXBuildFile; fileRef = 71AA1F8D21896B5200B5FC69 /* LHPopoverKit.framework */; };
		71C395802189931F005D04F7 /* LHPopoverKit.framework in Embed Frameworks */ = {isa = PBXBuildFile; fileRef = 71AA1F8D21896B5200B5FC69 /* LHPopoverKit.framework */; settings = {ATTRIBUTES = (CodeSignOnCopy, RemoveHeadersOnCopy, ); }; };
		71C395812189932A005D04F7 /* LHPopoverKit.framework in Frameworks */ = {isa = PBXBuildFile; fileRef = 71AA1F8D21896B5200B5FC69 /* LHPopoverKit.framework */; };
		71CE1DB42183E8C7002C3930 /* LHSketchKit.h in Headers */ = {isa = PBXBuildFile; fileRef = 71CE1DB22183E8C7002C3930 /* LHSketchKit.h */; settings = {ATTRIBUTES = (Public, ); }; };
		71CE1DBD2183E8D9002C3930 /* LHCanvasViewController.swift in Sources */ = {isa = PBXBuildFile; fileRef = 71CE1DBA2183E8D9002C3930 /* LHCanvasViewController.swift */; };
		71CE1DBF2183E8D9002C3930 /* LHCanvasView.swift in Sources */ = {isa = PBXBuildFile; fileRef = 71CE1DBC2183E8D9002C3930 /* LHCanvasView.swift */; };
		71CF051F21896847009E690D /* LHColorPickerView.swift in Sources */ = {isa = PBXBuildFile; fileRef = 71CF051E21896846009E690D /* LHColorPickerView.swift */; };
		71CF052021896847009E690D /* LHColorPickerView.swift in Sources */ = {isa = PBXBuildFile; fileRef = 71CF051E21896846009E690D /* LHColorPickerView.swift */; };
		71CF052121896847009E690D /* LHColorPickerView.swift in Sources */ = {isa = PBXBuildFile; fileRef = 71CF051E21896846009E690D /* LHColorPickerView.swift */; };
/* End PBXBuildFile section */

/* Begin PBXContainerItemProxy section */
		71B941DE2186C712000091F0 /* PBXContainerItemProxy */ = {
			isa = PBXContainerItemProxy;
			containerPortal = 71CE1DA62183E8C7002C3930 /* Project object */;
			proxyType = 1;
			remoteGlobalIDString = 71B941D12186C711000091F0;
			remoteInfo = Canvas;
		};
/* End PBXContainerItemProxy section */

/* Begin PBXCopyFilesBuildPhase section */
		71B941A62186C238000091F0 /* Embed Frameworks */ = {
			isa = PBXCopyFilesBuildPhase;
			buildActionMask = 2147483647;
			dstPath = "";
			dstSubfolderSpec = 10;
			files = (
				71B941AC2186C27D000091F0 /* LHConvenientMethods.framework in Embed Frameworks */,
				71C395802189931F005D04F7 /* LHPopoverKit.framework in Embed Frameworks */,
			);
			name = "Embed Frameworks";
			runOnlyForDeploymentPostprocessing = 0;
		};
		71B941E42186C712000091F0 /* Embed App Extensions */ = {
			isa = PBXCopyFilesBuildPhase;
			buildActionMask = 2147483647;
			dstPath = "";
			dstSubfolderSpec = 13;
			files = (
				71B941E02186C712000091F0 /* Canvas.appex in Embed App Extensions */,
			);
			name = "Embed App Extensions";
			runOnlyForDeploymentPostprocessing = 0;
		};
/* End PBXCopyFilesBuildPhase section */

/* Begin PBXFileReference section */
		711096482184A31900D1F8C5 /* LHMenuController.framework */ = {isa = PBXFileReference; explicitFileType = wrapper.framework; path = LHMenuController.framework; sourceTree = BUILT_PRODUCTS_DIR; };
		7112660121842F340043A3B8 /* LHColorPickerController.framework */ = {isa = PBXFileReference; explicitFileType = wrapper.framework; path = LHColorPickerController.framework; sourceTree = BUILT_PRODUCTS_DIR; };
		7112661D218475D60043A3B8 /* LHUndoMenuController.framework */ = {isa = PBXFileReference; explicitFileType = wrapper.framework; path = LHUndoMenuController.framework; sourceTree = BUILT_PRODUCTS_DIR; };
		715425C221870E11009F33F3 /* LHCircleView.swift */ = {isa = PBXFileReference; lastKnownFileType = sourcecode.swift; path = LHCircleView.swift; sourceTree = "<group>"; };
		716B021821882F550030C963 /* LHSlider.swift */ = {isa = PBXFileReference; lastKnownFileType = sourcecode.swift; path = LHSlider.swift; sourceTree = "<group>"; };
		71AA1F8D21896B5200B5FC69 /* LHPopoverKit.framework */ = {isa = PBXFileReference; explicitFileType = wrapper.framework; path = LHPopoverKit.framework; sourceTree = BUILT_PRODUCTS_DIR; };
		71B941552186BA3F000091F0 /* Base */ = {isa = PBXFileReference; lastKnownFileType = file.xib; name = Base; path = Base.lproj/LHCanvasViewController.xib; sourceTree = "<group>"; };
		71B941562186BA4C000091F0 /* zh-Hant */ = {isa = PBXFileReference; lastKnownFileType = text.plist.strings; name = "zh-Hant"; path = "zh-Hant.lproj/LHCanvasViewController.strings"; sourceTree = "<group>"; };
		71B941582186BB73000091F0 /* zh-Hant */ = {isa = PBXFileReference; lastKnownFileType = text.plist.strings; name = "zh-Hant"; path = "zh-Hant.lproj/Localizable.strings"; sourceTree = "<group>"; };
		71B9418E2186C0F1000091F0 /* LHSketchKitExample.app */ = {isa = PBXFileReference; explicitFileType = wrapper.application; includeInIndex = 0; path = LHSketchKitExample.app; sourceTree = BUILT_PRODUCTS_DIR; };
		71B941902186C0F1000091F0 /* AppDelegate.swift */ = {isa = PBXFileReference; lastKnownFileType = sourcecode.swift; path = AppDelegate.swift; sourceTree = "<group>"; };
		71B941922186C0F1000091F0 /* ViewController.swift */ = {isa = PBXFileReference; lastKnownFileType = sourcecode.swift; path = ViewController.swift; sourceTree = "<group>"; };
		71B941952186C0F1000091F0 /* Base */ = {isa = PBXFileReference; lastKnownFileType = file.storyboard; name = Base; path = Base.lproj/Main.storyboard; sourceTree = "<group>"; };
		71B941972186C0F2000091F0 /* Assets.xcassets */ = {isa = PBXFileReference; lastKnownFileType = folder.assetcatalog; path = Assets.xcassets; sourceTree = "<group>"; };
		71B9419A2186C0F2000091F0 /* Base */ = {isa = PBXFileReference; lastKnownFileType = file.storyboard; name = Base; path = Base.lproj/LaunchScreen.storyboard; sourceTree = "<group>"; };
		71B9419C2186C0F2000091F0 /* Info.plist */ = {isa = PBXFileReference; lastKnownFileType = text.plist.xml; path = Info.plist; sourceTree = "<group>"; };
		71B941A92186C26F000091F0 /* LHConvenientMethods.framework */ = {isa = PBXFileReference; explicitFileType = wrapper.framework; path = LHConvenientMethods.framework; sourceTree = BUILT_PRODUCTS_DIR; };
		71B941D22186C711000091F0 /* Canvas.appex */ = {isa = PBXFileReference; explicitFileType = "wrapper.app-extension"; includeInIndex = 0; path = Canvas.appex; sourceTree = BUILT_PRODUCTS_DIR; };
		71B941D32186C711000091F0 /* Messages.framework */ = {isa = PBXFileReference; lastKnownFileType = wrapper.framework; name = Messages.framework; path = System/Library/Frameworks/Messages.framework; sourceTree = SDKROOT; };
		71B941D92186C711000091F0 /* Base */ = {isa = PBXFileReference; lastKnownFileType = file.storyboard; name = Base; path = Base.lproj/MainInterface.storyboard; sourceTree = "<group>"; };
		71B941DB2186C712000091F0 /* Assets.xcassets */ = {isa = PBXFileReference; lastKnownFileType = folder.assetcatalog; path = Assets.xcassets; sourceTree = "<group>"; };
		71B941DD2186C712000091F0 /* Info.plist */ = {isa = PBXFileReference; lastKnownFileType = text.plist.xml; path = Info.plist; sourceTree = "<group>"; };
		71B941E52186C787000091F0 /* MessagesViewController.swift */ = {isa = PBXFileReference; fileEncoding = 4; lastKnownFileType = sourcecode.swift; path = MessagesViewController.swift; sourceTree = "<group>"; };
		71BB051E218814A900F3C8E0 /* LHPopoverViewController.framework */ = {isa = PBXFileReference; explicitFileType = wrapper.framework; path = LHPopoverViewController.framework; sourceTree = BUILT_PRODUCTS_DIR; };
		71CE1DAF2183E8C7002C3930 /* LHSketchKit.framework */ = {isa = PBXFileReference; explicitFileType = wrapper.framework; includeInIndex = 0; path = LHSketchKit.framework; sourceTree = BUILT_PRODUCTS_DIR; };
		71CE1DB22183E8C7002C3930 /* LHSketchKit.h */ = {isa = PBXFileReference; lastKnownFileType = sourcecode.c.h; path = LHSketchKit.h; sourceTree = "<group>"; };
		71CE1DB32183E8C7002C3930 /* Info.plist */ = {isa = PBXFileReference; lastKnownFileType = text.plist.xml; path = Info.plist; sourceTree = "<group>"; };
		71CE1DBA2183E8D9002C3930 /* LHCanvasViewController.swift */ = {isa = PBXFileReference; fileEncoding = 4; lastKnownFileType = sourcecode.swift; path = LHCanvasViewController.swift; sourceTree = "<group>"; };
		71CE1DBC2183E8D9002C3930 /* LHCanvasView.swift */ = {isa = PBXFileReference; fileEncoding = 4; lastKnownFileType = sourcecode.swift; path = LHCanvasView.swift; sourceTree = "<group>"; };
		71CE1DC02183E92B002C3930 /* README.md */ = {isa = PBXFileReference; lastKnownFileType = net.daringfireball.markdown; path = README.md; sourceTree = "<group>"; };
		71CF051E21896846009E690D /* LHColorPickerView.swift */ = {isa = PBXFileReference; fileEncoding = 4; lastKnownFileType = sourcecode.swift; path = LHColorPickerView.swift; sourceTree = "<group>"; };
/* End PBXFileReference section */

/* Begin PBXFrameworksBuildPhase section */
		71B9418B2186C0F1000091F0 /* Frameworks */ = {
			isa = PBXFrameworksBuildPhase;
			buildActionMask = 2147483647;
			files = (
				71B941AB2186C27D000091F0 /* LHConvenientMethods.framework in Frameworks */,
				71C3957F2189931F005D04F7 /* LHPopoverKit.framework in Frameworks */,
			);
			runOnlyForDeploymentPostprocessing = 0;
		};
		71B941CF2186C711000091F0 /* Frameworks */ = {
			isa = PBXFrameworksBuildPhase;
			buildActionMask = 2147483647;
			files = (
				71C395812189932A005D04F7 /* LHPopoverKit.framework in Frameworks */,
				71B941D42186C711000091F0 /* Messages.framework in Frameworks */,
			);
			runOnlyForDeploymentPostprocessing = 0;
		};
		71CE1DAC2183E8C7002C3930 /* Frameworks */ = {
			isa = PBXFrameworksBuildPhase;
			buildActionMask = 2147483647;
			files = (
				71AA1F8E21896B5200B5FC69 /* LHPopoverKit.framework in Frameworks */,
				71B941AA2186C26F000091F0 /* LHConvenientMethods.framework in Frameworks */,
			);
			runOnlyForDeploymentPostprocessing = 0;
		};
/* End PBXFrameworksBuildPhase section */

/* Begin PBXGroup section */
		7112660021842F340043A3B8 /* Frameworks */ = {
			isa = PBXGroup;
			children = (
				71AA1F8D21896B5200B5FC69 /* LHPopoverKit.framework */,
				71BB051E218814A900F3C8E0 /* LHPopoverViewController.framework */,
				71B941A92186C26F000091F0 /* LHConvenientMethods.framework */,
				711096482184A31900D1F8C5 /* LHMenuController.framework */,
				7112661D218475D60043A3B8 /* LHUndoMenuController.framework */,
				7112660121842F340043A3B8 /* LHColorPickerController.framework */,
				71B941D32186C711000091F0 /* Messages.framework */,
			);
			name = Frameworks;
			sourceTree = "<group>";
		};
		71B9418F2186C0F1000091F0 /* LHSketchKitExample */ = {
			isa = PBXGroup;
			children = (
				71B941902186C0F1000091F0 /* AppDelegate.swift */,
				71B941922186C0F1000091F0 /* ViewController.swift */,
				71B941942186C0F1000091F0 /* Main.storyboard */,
				71B941972186C0F2000091F0 /* Assets.xcassets */,
				71B941992186C0F2000091F0 /* LaunchScreen.storyboard */,
				71B9419C2186C0F2000091F0 /* Info.plist */,
			);
			path = LHSketchKitExample;
			sourceTree = "<group>";
		};
		71B941D52186C711000091F0 /* Canvas */ = {
			isa = PBXGroup;
			children = (
				71B941E52186C787000091F0 /* MessagesViewController.swift */,
				71B941D82186C711000091F0 /* MainInterface.storyboard */,
				71B941DB2186C712000091F0 /* Assets.xcassets */,
				71B941DD2186C712000091F0 /* Info.plist */,
			);
			path = Canvas;
			sourceTree = "<group>";
		};
		71CE1DA52183E8C7002C3930 = {
			isa = PBXGroup;
			children = (
				71CE1DC02183E92B002C3930 /* README.md */,
				71CF05222189689B009E690D /* LHSketchKit */,
				71CE1DB12183E8C7002C3930 /* LHCanvasViewController */,
				71B9418F2186C0F1000091F0 /* LHSketchKitExample */,
				71B941D52186C711000091F0 /* Canvas */,
				71CE1DB02183E8C7002C3930 /* Products */,
				7112660021842F340043A3B8 /* Frameworks */,
			);
			sourceTree = "<group>";
		};
		71CE1DB02183E8C7002C3930 /* Products */ = {
			isa = PBXGroup;
			children = (
				71CE1DAF2183E8C7002C3930 /* LHSketchKit.framework */,
				71B9418E2186C0F1000091F0 /* LHSketchKitExample.app */,
				71B941D22186C711000091F0 /* Canvas.appex */,
			);
			name = Products;
			sourceTree = "<group>";
		};
		71CE1DB12183E8C7002C3930 /* LHCanvasViewController */ = {
			isa = PBXGroup;
			children = (
				71CE1DBA2183E8D9002C3930 /* LHCanvasViewController.swift */,
				71B941542186BA35000091F0 /* LHCanvasViewController.xib */,
			);
			path = LHCanvasViewController;
			sourceTree = "<group>";
		};
		71CF05222189689B009E690D /* LHSketchKit */ = {
			isa = PBXGroup;
			children = (
				71CE1DB22183E8C7002C3930 /* LHSketchKit.h */,
				71CF051E21896846009E690D /* LHColorPickerView.swift */,
				71CE1DBC2183E8D9002C3930 /* LHCanvasView.swift */,
				715425C221870E11009F33F3 /* LHCircleView.swift */,
				716B021821882F550030C963 /* LHSlider.swift */,
				71CE1DB32183E8C7002C3930 /* Info.plist */,
				71B941572186BB73000091F0 /* Localizable.strings */,
			);
			path = LHSketchKit;
			sourceTree = "<group>";
		};
/* End PBXGroup section */

/* Begin PBXHeadersBuildPhase section */
		71CE1DAA2183E8C7002C3930 /* Headers */ = {
			isa = PBXHeadersBuildPhase;
			buildActionMask = 2147483647;
			files = (
				71CE1DB42183E8C7002C3930 /* LHSketchKit.h in Headers */,
			);
			runOnlyForDeploymentPostprocessing = 0;
		};
/* End PBXHeadersBuildPhase section */

/* Begin PBXNativeTarget section */
		71B9418D2186C0F1000091F0 /* LHSketchKitExample */ = {
			isa = PBXNativeTarget;
			buildConfigurationList = 71B9419D2186C0F2000091F0 /* Build configuration list for PBXNativeTarget "LHSketchKitExample" */;
			buildPhases = (
				71B9418A2186C0F1000091F0 /* Sources */,
				71B9418B2186C0F1000091F0 /* Frameworks */,
				71B9418C2186C0F1000091F0 /* Resources */,
				71B941A62186C238000091F0 /* Embed Frameworks */,
				71B941E42186C712000091F0 /* Embed App Extensions */,
			);
			buildRules = (
			);
			dependencies = (
				71B941DF2186C712000091F0 /* PBXTargetDependency */,
			);
			name = LHSketchKitExample;
			productName = LHCanvasViewControllerExample;
			productReference = 71B9418E2186C0F1000091F0 /* LHSketchKitExample.app */;
			productType = "com.apple.product-type.application";
		};
		71B941D12186C711000091F0 /* Canvas */ = {
			isa = PBXNativeTarget;
			buildConfigurationList = 71B941E32186C712000091F0 /* Build configuration list for PBXNativeTarget "Canvas" */;
			buildPhases = (
				71B941CE2186C711000091F0 /* Sources */,
				71B941CF2186C711000091F0 /* Frameworks */,
				71B941D02186C711000091F0 /* Resources */,
			);
			buildRules = (
			);
			dependencies = (
			);
			name = Canvas;
			productName = Canvas;
			productReference = 71B941D22186C711000091F0 /* Canvas.appex */;
			productType = "com.apple.product-type.app-extension.messages";
		};
		71CE1DAE2183E8C7002C3930 /* LHSketchKit */ = {
			isa = PBXNativeTarget;
			buildConfigurationList = 71CE1DB72183E8C7002C3930 /* Build configuration list for PBXNativeTarget "LHSketchKit" */;
			buildPhases = (
				71CE1DAA2183E8C7002C3930 /* Headers */,
				71CE1DAB2183E8C7002C3930 /* Sources */,
				71CE1DAC2183E8C7002C3930 /* Frameworks */,
				71CE1DAD2183E8C7002C3930 /* Resources */,
			);
			buildRules = (
			);
			dependencies = (
			);
			name = LHSketchKit;
			productName = LHCanvasViewController;
			productReference = 71CE1DAF2183E8C7002C3930 /* LHSketchKit.framework */;
			productType = "com.apple.product-type.framework";
		};
/* End PBXNativeTarget section */

/* Begin PBXProject section */
		71CE1DA62183E8C7002C3930 /* Project object */ = {
			isa = PBXProject;
			attributes = {
				LastSwiftUpdateCheck = 1000;
				LastUpgradeCheck = 1000;
				ORGANIZATIONNAME = narrativesaw;
				TargetAttributes = {
					71B9418D2186C0F1000091F0 = {
						CreatedOnToolsVersion = 10.0;
					};
					71B941D12186C711000091F0 = {
						CreatedOnToolsVersion = 10.0;
					};
					71CE1DAE2183E8C7002C3930 = {
						CreatedOnToolsVersion = 10.0;
					};
				};
			};
			buildConfigurationList = 71CE1DA92183E8C7002C3930 /* Build configuration list for PBXProject "LHSketchKit" */;
			compatibilityVersion = "Xcode 9.3";
			developmentRegion = en;
			hasScannedForEncodings = 0;
			knownRegions = (
				en,
				Base,
				"zh-Hant",
			);
			mainGroup = 71CE1DA52183E8C7002C3930;
			productRefGroup = 71CE1DB02183E8C7002C3930 /* Products */;
			projectDirPath = "";
			projectRoot = "";
			targets = (
				71CE1DAE2183E8C7002C3930 /* LHSketchKit */,
				71B9418D2186C0F1000091F0 /* LHSketchKitExample */,
				71B941D12186C711000091F0 /* Canvas */,
			);
		};
/* End PBXProject section */

/* Begin PBXResourcesBuildPhase section */
		71B9418C2186C0F1000091F0 /* Resources */ = {
			isa = PBXResourcesBuildPhase;
			buildActionMask = 2147483647;
			files = (
				71B941A32186C1CF000091F0 /* Localizable.strings in Resources */,
				71B9419B2186C0F2000091F0 /* LaunchScreen.storyboard in Resources */,
				71B941982186C0F2000091F0 /* Assets.xcassets in Resources */,
				71B941A02186C1BE000091F0 /* LHCanvasViewController.xib in Resources */,
				71B941962186C0F1000091F0 /* Main.storyboard in Resources */,
			);
			runOnlyForDeploymentPostprocessing = 0;
		};
		71B941D02186C711000091F0 /* Resources */ = {
			isa = PBXResourcesBuildPhase;
			buildActionMask = 2147483647;
			files = (
				71B941F22186CB3C000091F0 /* LHCanvasViewController.xib in Resources */,
				71B941DC2186C712000091F0 /* Assets.xcassets in Resources */,
				71B941DA2186C711000091F0 /* MainInterface.storyboard in Resources */,
			);
			runOnlyForDeploymentPostprocessing = 0;
		};
		71CE1DAD2183E8C7002C3930 /* Resources */ = {
			isa = PBXResourcesBuildPhase;
			buildActionMask = 2147483647;
			files = (
				71B941522186BA35000091F0 /* LHCanvasViewController.xib in Resources */,
				71B941592186BB73000091F0 /* Localizable.strings in Resources */,
			);
			runOnlyForDeploymentPostprocessing = 0;
		};
/* End PBXResourcesBuildPhase section */

/* Begin PBXSourcesBuildPhase section */
		71B9418A2186C0F1000091F0 /* Sources */ = {
			isa = PBXSourcesBuildPhase;
			buildActionMask = 2147483647;
			files = (
				716B021A21882F550030C963 /* LHSlider.swift in Sources */,
				715425C421870E11009F33F3 /* LHCircleView.swift in Sources */,
				71B941A22186C1C4000091F0 /* LHCanvasView.swift in Sources */,
				71B941A12186C1C1000091F0 /* LHCanvasViewController.swift in Sources */,
				71B941932186C0F1000091F0 /* ViewController.swift in Sources */,
				71CF052021896847009E690D /* LHColorPickerView.swift in Sources */,
				71B941912186C0F1000091F0 /* AppDelegate.swift in Sources */,
			);
			runOnlyForDeploymentPostprocessing = 0;
		};
		71B941CE2186C711000091F0 /* Sources */ = {
			isa = PBXSourcesBuildPhase;
			buildActionMask = 2147483647;
			files = (
				71CF052121896847009E690D /* LHColorPickerView.swift in Sources */,
				71B941F12186CB31000091F0 /* LHCanvasView.swift in Sources */,
				71B941F02186CB11000091F0 /* LHCanvasViewController.swift in Sources */,
				715425C521870E11009F33F3 /* LHCircleView.swift in Sources */,
				71B941E62186C787000091F0 /* MessagesViewController.swift in Sources */,
				716B021B21882F550030C963 /* LHSlider.swift in Sources */,
			);
			runOnlyForDeploymentPostprocessing = 0;
		};
		71CE1DAB2183E8C7002C3930 /* Sources */ = {
			isa = PBXSourcesBuildPhase;
			buildActionMask = 2147483647;
			files = (
				716B021921882F550030C963 /* LHSlider.swift in Sources */,
				71CE1DBF2183E8D9002C3930 /* LHCanvasView.swift in Sources */,
				715425C321870E11009F33F3 /* LHCircleView.swift in Sources */,
				71CF051F21896847009E690D /* LHColorPickerView.swift in Sources */,
				71CE1DBD2183E8D9002C3930 /* LHCanvasViewController.swift in Sources */,
			);
			runOnlyForDeploymentPostprocessing = 0;
		};
/* End PBXSourcesBuildPhase section */

/* Begin PBXTargetDependency section */
		71B941DF2186C712000091F0 /* PBXTargetDependency */ = {
			isa = PBXTargetDependency;
			target = 71B941D12186C711000091F0 /* Canvas */;
			targetProxy = 71B941DE2186C712000091F0 /* PBXContainerItemProxy */;
		};
/* End PBXTargetDependency section */

/* Begin PBXVariantGroup section */
		71B941542186BA35000091F0 /* LHCanvasViewController.xib */ = {
			isa = PBXVariantGroup;
			children = (
				71B941552186BA3F000091F0 /* Base */,
				71B941562186BA4C000091F0 /* zh-Hant */,
			);
			name = LHCanvasViewController.xib;
			sourceTree = "<group>";
		};
		71B941572186BB73000091F0 /* Localizable.strings */ = {
			isa = PBXVariantGroup;
			children = (
				71B941582186BB73000091F0 /* zh-Hant */,
			);
			name = Localizable.strings;
			sourceTree = "<group>";
		};
		71B941942186C0F1000091F0 /* Main.storyboard */ = {
			isa = PBXVariantGroup;
			children = (
				71B941952186C0F1000091F0 /* Base */,
			);
			name = Main.storyboard;
			sourceTree = "<group>";
		};
		71B941992186C0F2000091F0 /* LaunchScreen.storyboard */ = {
			isa = PBXVariantGroup;
			children = (
				71B9419A2186C0F2000091F0 /* Base */,
			);
			name = LaunchScreen.storyboard;
			sourceTree = "<group>";
		};
		71B941D82186C711000091F0 /* MainInterface.storyboard */ = {
			isa = PBXVariantGroup;
			children = (
				71B941D92186C711000091F0 /* Base */,
			);
			name = MainInterface.storyboard;
			sourceTree = "<group>";
		};
/* End PBXVariantGroup section */

/* Begin XCBuildConfiguration section */
		71B9419E2186C0F2000091F0 /* Debug */ = {
			isa = XCBuildConfiguration;
			buildSettings = {
				ALWAYS_EMBED_SWIFT_STANDARD_LIBRARIES = YES;
				ASSETCATALOG_COMPILER_APPICON_NAME = AppIcon;
				CODE_SIGN_STYLE = Automatic;
				DEVELOPMENT_TEAM = K3ER26RU8S;
				INFOPLIST_FILE = "$(SRCROOT)/LHSketchKitExample/Info.plist";
				IPHONEOS_DEPLOYMENT_TARGET = 12.0;
				LD_RUNPATH_SEARCH_PATHS = (
					"$(inherited)",
					"@executable_path/Frameworks",
				);
				PRODUCT_BUNDLE_IDENTIFIER = com.narrativesaw.LHCanvasViewControllerExample;
				PRODUCT_NAME = "$(TARGET_NAME)";
				SWIFT_VERSION = 4.2;
				TARGETED_DEVICE_FAMILY = "1,2";
			};
			name = Debug;
		};
		71B9419F2186C0F2000091F0 /* Release */ = {
			isa = XCBuildConfiguration;
			buildSettings = {
				ALWAYS_EMBED_SWIFT_STANDARD_LIBRARIES = YES;
				ASSETCATALOG_COMPILER_APPICON_NAME = AppIcon;
				CODE_SIGN_STYLE = Automatic;
				DEVELOPMENT_TEAM = K3ER26RU8S;
				INFOPLIST_FILE = "$(SRCROOT)/LHSketchKitExample/Info.plist";
				IPHONEOS_DEPLOYMENT_TARGET = 12.0;
				LD_RUNPATH_SEARCH_PATHS = (
					"$(inherited)",
					"@executable_path/Frameworks",
				);
				PRODUCT_BUNDLE_IDENTIFIER = com.narrativesaw.LHCanvasViewControllerExample;
				PRODUCT_NAME = "$(TARGET_NAME)";
				SWIFT_VERSION = 4.2;
				TARGETED_DEVICE_FAMILY = "1,2";
			};
			name = Release;
		};
		71B941E12186C712000091F0 /* Debug */ = {
			isa = XCBuildConfiguration;
			buildSettings = {
				ASSETCATALOG_COMPILER_APPICON_NAME = "iMessage App Icon";
				CODE_SIGN_STYLE = Automatic;
				DEVELOPMENT_TEAM = K3ER26RU8S;
				INFOPLIST_FILE = Canvas/Info.plist;
				IPHONEOS_DEPLOYMENT_TARGET = 12.0;
				LD_RUNPATH_SEARCH_PATHS = (
					"$(inherited)",
					"@executable_path/Frameworks",
					"@executable_path/../../Frameworks",
				);
				PRODUCT_BUNDLE_IDENTIFIER = com.narrativesaw.LHCanvasViewControllerExample.Canvas;
				PRODUCT_NAME = "$(TARGET_NAME)";
				SKIP_INSTALL = YES;
				SWIFT_VERSION = 4.2;
				TARGETED_DEVICE_FAMILY = "1,2";
			};
			name = Debug;
		};
		71B941E22186C712000091F0 /* Release */ = {
			isa = XCBuildConfiguration;
			buildSettings = {
				ASSETCATALOG_COMPILER_APPICON_NAME = "iMessage App Icon";
				CODE_SIGN_STYLE = Automatic;
				DEVELOPMENT_TEAM = K3ER26RU8S;
				INFOPLIST_FILE = Canvas/Info.plist;
				IPHONEOS_DEPLOYMENT_TARGET = 12.0;
				LD_RUNPATH_SEARCH_PATHS = (
					"$(inherited)",
					"@executable_path/Frameworks",
					"@executable_path/../../Frameworks",
				);
				PRODUCT_BUNDLE_IDENTIFIER = com.narrativesaw.LHCanvasViewControllerExample.Canvas;
				PRODUCT_NAME = "$(TARGET_NAME)";
				SKIP_INSTALL = YES;
				SWIFT_VERSION = 4.2;
				TARGETED_DEVICE_FAMILY = "1,2";
			};
			name = Release;
		};
		71CE1DB52183E8C7002C3930 /* Debug */ = {
			isa = XCBuildConfiguration;
			buildSettings = {
				ALWAYS_SEARCH_USER_PATHS = NO;
				CLANG_ANALYZER_LOCALIZABILITY_NONLOCALIZED = YES;
				CLANG_ANALYZER_NONNULL = YES;
				CLANG_ANALYZER_NUMBER_OBJECT_CONVERSION = YES_AGGRESSIVE;
				CLANG_CXX_LANGUAGE_STANDARD = "gnu++14";
				CLANG_CXX_LIBRARY = "libc++";
				CLANG_ENABLE_MODULES = YES;
				CLANG_ENABLE_OBJC_ARC = YES;
				CLANG_ENABLE_OBJC_WEAK = YES;
				CLANG_WARN_BLOCK_CAPTURE_AUTORELEASING = YES;
				CLANG_WARN_BOOL_CONVERSION = YES;
				CLANG_WARN_COMMA = YES;
				CLANG_WARN_CONSTANT_CONVERSION = YES;
				CLANG_WARN_DEPRECATED_OBJC_IMPLEMENTATIONS = YES;
				CLANG_WARN_DIRECT_OBJC_ISA_USAGE = YES_ERROR;
				CLANG_WARN_DOCUMENTATION_COMMENTS = YES;
				CLANG_WARN_EMPTY_BODY = YES;
				CLANG_WARN_ENUM_CONVERSION = YES;
				CLANG_WARN_INFINITE_RECURSION = YES;
				CLANG_WARN_INT_CONVERSION = YES;
				CLANG_WARN_NON_LITERAL_NULL_CONVERSION = YES;
				CLANG_WARN_OBJC_IMPLICIT_RETAIN_SELF = YES;
				CLANG_WARN_OBJC_LITERAL_CONVERSION = YES;
				CLANG_WARN_OBJC_ROOT_CLASS = YES_ERROR;
				CLANG_WARN_RANGE_LOOP_ANALYSIS = YES;
				CLANG_WARN_STRICT_PROTOTYPES = YES;
				CLANG_WARN_SUSPICIOUS_MOVE = YES;
				CLANG_WARN_UNGUARDED_AVAILABILITY = YES_AGGRESSIVE;
				CLANG_WARN_UNREACHABLE_CODE = YES;
				CLANG_WARN__DUPLICATE_METHOD_MATCH = YES;
				CODE_SIGN_IDENTITY = "iPhone Developer";
				COPY_PHASE_STRIP = NO;
				CURRENT_PROJECT_VERSION = 1;
				DEBUG_INFORMATION_FORMAT = dwarf;
				ENABLE_STRICT_OBJC_MSGSEND = YES;
				ENABLE_TESTABILITY = YES;
				GCC_C_LANGUAGE_STANDARD = gnu11;
				GCC_DYNAMIC_NO_PIC = NO;
				GCC_NO_COMMON_BLOCKS = YES;
				GCC_OPTIMIZATION_LEVEL = 0;
				GCC_PREPROCESSOR_DEFINITIONS = (
					"DEBUG=1",
					"$(inherited)",
				);
				GCC_WARN_64_TO_32_BIT_CONVERSION = YES;
				GCC_WARN_ABOUT_RETURN_TYPE = YES_ERROR;
				GCC_WARN_UNDECLARED_SELECTOR = YES;
				GCC_WARN_UNINITIALIZED_AUTOS = YES_AGGRESSIVE;
				GCC_WARN_UNUSED_FUNCTION = YES;
				GCC_WARN_UNUSED_VARIABLE = YES;
				IPHONEOS_DEPLOYMENT_TARGET = 11.0;
				MTL_ENABLE_DEBUG_INFO = INCLUDE_SOURCE;
				MTL_FAST_MATH = YES;
				ONLY_ACTIVE_ARCH = YES;
				SDKROOT = iphoneos;
				SWIFT_ACTIVE_COMPILATION_CONDITIONS = DEBUG;
				SWIFT_OPTIMIZATION_LEVEL = "-Onone";
				VERSIONING_SYSTEM = "apple-generic";
				VERSION_INFO_PREFIX = "";
			};
			name = Debug;
		};
		71CE1DB62183E8C7002C3930 /* Release */ = {
			isa = XCBuildConfiguration;
			buildSettings = {
				ALWAYS_SEARCH_USER_PATHS = NO;
				CLANG_ANALYZER_LOCALIZABILITY_NONLOCALIZED = YES;
				CLANG_ANALYZER_NONNULL = YES;
				CLANG_ANALYZER_NUMBER_OBJECT_CONVERSION = YES_AGGRESSIVE;
				CLANG_CXX_LANGUAGE_STANDARD = "gnu++14";
				CLANG_CXX_LIBRARY = "libc++";
				CLANG_ENABLE_MODULES = YES;
				CLANG_ENABLE_OBJC_ARC = YES;
				CLANG_ENABLE_OBJC_WEAK = YES;
				CLANG_WARN_BLOCK_CAPTURE_AUTORELEASING = YES;
				CLANG_WARN_BOOL_CONVERSION = YES;
				CLANG_WARN_COMMA = YES;
				CLANG_WARN_CONSTANT_CONVERSION = YES;
				CLANG_WARN_DEPRECATED_OBJC_IMPLEMENTATIONS = YES;
				CLANG_WARN_DIRECT_OBJC_ISA_USAGE = YES_ERROR;
				CLANG_WARN_DOCUMENTATION_COMMENTS = YES;
				CLANG_WARN_EMPTY_BODY = YES;
				CLANG_WARN_ENUM_CONVERSION = YES;
				CLANG_WARN_INFINITE_RECURSION = YES;
				CLANG_WARN_INT_CONVERSION = YES;
				CLANG_WARN_NON_LITERAL_NULL_CONVERSION = YES;
				CLANG_WARN_OBJC_IMPLICIT_RETAIN_SELF = YES;
				CLANG_WARN_OBJC_LITERAL_CONVERSION = YES;
				CLANG_WARN_OBJC_ROOT_CLASS = YES_ERROR;
				CLANG_WARN_RANGE_LOOP_ANALYSIS = YES;
				CLANG_WARN_STRICT_PROTOTYPES = YES;
				CLANG_WARN_SUSPICIOUS_MOVE = YES;
				CLANG_WARN_UNGUARDED_AVAILABILITY = YES_AGGRESSIVE;
				CLANG_WARN_UNREACHABLE_CODE = YES;
				CLANG_WARN__DUPLICATE_METHOD_MATCH = YES;
				CODE_SIGN_IDENTITY = "iPhone Developer";
				COPY_PHASE_STRIP = NO;
				CURRENT_PROJECT_VERSION = 1;
				DEBUG_INFORMATION_FORMAT = "dwarf-with-dsym";
				ENABLE_NS_ASSERTIONS = NO;
				ENABLE_STRICT_OBJC_MSGSEND = YES;
				GCC_C_LANGUAGE_STANDARD = gnu11;
				GCC_NO_COMMON_BLOCKS = YES;
				GCC_WARN_64_TO_32_BIT_CONVERSION = YES;
				GCC_WARN_ABOUT_RETURN_TYPE = YES_ERROR;
				GCC_WARN_UNDECLARED_SELECTOR = YES;
				GCC_WARN_UNINITIALIZED_AUTOS = YES_AGGRESSIVE;
				GCC_WARN_UNUSED_FUNCTION = YES;
				GCC_WARN_UNUSED_VARIABLE = YES;
				IPHONEOS_DEPLOYMENT_TARGET = 11.0;
				MTL_ENABLE_DEBUG_INFO = NO;
				MTL_FAST_MATH = YES;
				SDKROOT = iphoneos;
				SWIFT_COMPILATION_MODE = wholemodule;
				SWIFT_OPTIMIZATION_LEVEL = "-O";
				VALIDATE_PRODUCT = YES;
				VERSIONING_SYSTEM = "apple-generic";
				VERSION_INFO_PREFIX = "";
			};
			name = Release;
		};
		71CE1DB82183E8C7002C3930 /* Debug */ = {
			isa = XCBuildConfiguration;
			buildSettings = {
				APPLICATION_EXTENSION_API_ONLY = YES;
				CODE_SIGN_IDENTITY = "";
				CODE_SIGN_STYLE = Automatic;
				DEFINES_MODULE = YES;
				DEVELOPMENT_TEAM = "";
				DYLIB_COMPATIBILITY_VERSION = 1;
				DYLIB_CURRENT_VERSION = 1;
				DYLIB_INSTALL_NAME_BASE = "@rpath";
				INFOPLIST_FILE = LHCanvasViewController/Info.plist;
				INSTALL_PATH = "$(LOCAL_LIBRARY_DIR)/Frameworks";
				IPHONEOS_DEPLOYMENT_TARGET = 11.0;
				LD_RUNPATH_SEARCH_PATHS = (
					"$(inherited)",
					"@executable_path/Frameworks",
					"@loader_path/Frameworks",
				);
				PRODUCT_BUNDLE_IDENTIFIER = com.narrativesaw.LHSketchKit;
				PRODUCT_NAME = "$(TARGET_NAME:c99extidentifier)";
				SKIP_INSTALL = YES;
				SWIFT_VERSION = 4.2;
				TARGETED_DEVICE_FAMILY = "1,2";
			};
			name = Debug;
		};
		71CE1DB92183E8C7002C3930 /* Release */ = {
			isa = XCBuildConfiguration;
			buildSettings = {
				APPLICATION_EXTENSION_API_ONLY = YES;
				CODE_SIGN_IDENTITY = "";
				CODE_SIGN_STYLE = Automatic;
				DEFINES_MODULE = YES;
				DEVELOPMENT_TEAM = "";
				DYLIB_COMPATIBILITY_VERSION = 1;
				DYLIB_CURRENT_VERSION = 1;
				DYLIB_INSTALL_NAME_BASE = "@rpath";
				INFOPLIST_FILE = LHCanvasViewController/Info.plist;
				INSTALL_PATH = "$(LOCAL_LIBRARY_DIR)/Frameworks";
				IPHONEOS_DEPLOYMENT_TARGET = 11.0;
				LD_RUNPATH_SEARCH_PATHS = (
					"$(inherited)",
					"@executable_path/Frameworks",
					"@loader_path/Frameworks",
				);
				PRODUCT_BUNDLE_IDENTIFIER = com.narrativesaw.LHSketchKit;
				PRODUCT_NAME = "$(TARGET_NAME:c99extidentifier)";
				SKIP_INSTALL = YES;
				SWIFT_VERSION = 4.2;
				TARGETED_DEVICE_FAMILY = "1,2";
			};
			name = Release;
		};
/* End XCBuildConfiguration section */

/* Begin XCConfigurationList section */
		71B9419D2186C0F2000091F0 /* Build configuration list for PBXNativeTarget "LHSketchKitExample" */ = {
			isa = XCConfigurationList;
			buildConfigurations = (
				71B9419E2186C0F2000091F0 /* Debug */,
				71B9419F2186C0F2000091F0 /* Release */,
			);
			defaultConfigurationIsVisible = 0;
			defaultConfigurationName = Release;
		};
		71B941E32186C712000091F0 /* Build configuration list for PBXNativeTarget "Canvas" */ = {
			isa = XCConfigurationList;
			buildConfigurations = (
				71B941E12186C712000091F0 /* Debug */,
				71B941E22186C712000091F0 /* Release */,
			);
			defaultConfigurationIsVisible = 0;
			defaultConfigurationName = Release;
		};
		71CE1DA92183E8C7002C3930 /* Build configuration list for PBXProject "LHSketchKit" */ = {
			isa = XCConfigurationList;
			buildConfigurations = (
				71CE1DB52183E8C7002C3930 /* Debug */,
				71CE1DB62183E8C7002C3930 /* Release */,
			);
			defaultConfigurationIsVisible = 0;
			defaultConfigurationName = Release;
		};
		71CE1DB72183E8C7002C3930 /* Build configuration list for PBXNativeTarget "LHSketchKit" */ = {
			isa = XCConfigurationList;
			buildConfigurations = (
				71CE1DB82183E8C7002C3930 /* Debug */,
				71CE1DB92183E8C7002C3930 /* Release */,
			);
			defaultConfigurationIsVisible = 0;
			defaultConfigurationName = Release;
		};
/* End XCConfigurationList section */
	};
	rootObject = 71CE1DA62183E8C7002C3930 /* Project object */;
}
